// !$*UTF8*$!
{
	archiveVersion = 1;
	classes = {
	};
	objectVersion = 47;
	objects = {

/* Begin PBXBuildFile section */
		504BE1581AC2ABEB002CC51C /* Vetices.m in Sources */ = {isa = PBXBuildFile; fileRef = 504BE1571AC2ABEB002CC51C /* Vetices.m */; };
		505904741AC1EDD200919A03 /* AppDelegate.swift in Sources */ = {isa = PBXBuildFile; fileRef = 505904731AC1EDD200919A03 /* AppDelegate.swift */; };
		505904761AC1EDD200919A03 /* GameViewController.swift in Sources */ = {isa = PBXBuildFile; fileRef = 505904751AC1EDD200919A03 /* GameViewController.swift */; };
		505904781AC1EDD200919A03 /* Shaders.metal in Sources */ = {isa = PBXBuildFile; fileRef = 505904771AC1EDD200919A03 /* Shaders.metal */; };
		5059047B1AC1EDD200919A03 /* Main.storyboard in Resources */ = {isa = PBXBuildFile; fileRef = 505904791AC1EDD200919A03 /* Main.storyboard */; };
		5059047D1AC1EDD200919A03 /* Images.xcassets in Resources */ = {isa = PBXBuildFile; fileRef = 5059047C1AC1EDD200919A03 /* Images.xcassets */; };
		505904801AC1EDD200919A03 /* LaunchScreen.xib in Resources */ = {isa = PBXBuildFile; fileRef = 5059047E1AC1EDD200919A03 /* LaunchScreen.xib */; };
		5059048C1AC1EDD200919A03 /* Rattle_MetalTests.swift in Sources */ = {isa = PBXBuildFile; fileRef = 5059048B1AC1EDD200919A03 /* Rattle_MetalTests.swift */; };
		506228E71AC0533F00CBC40A /* AppDelegate.swift in Sources */ = {isa = PBXBuildFile; fileRef = 506228E61AC0533F00CBC40A /* AppDelegate.swift */; };
		506228E91AC0533F00CBC40A /* Shader.fsh in Resources */ = {isa = PBXBuildFile; fileRef = 506228E81AC0533F00CBC40A /* Shader.fsh */; };
		506228EB1AC0533F00CBC40A /* Shader.vsh in Resources */ = {isa = PBXBuildFile; fileRef = 506228EA1AC0533F00CBC40A /* Shader.vsh */; };
		506228F01AC0533F00CBC40A /* Main.storyboard in Resources */ = {isa = PBXBuildFile; fileRef = 506228EE1AC0533F00CBC40A /* Main.storyboard */; };
		506228F21AC0533F00CBC40A /* Images.xcassets in Resources */ = {isa = PBXBuildFile; fileRef = 506228F11AC0533F00CBC40A /* Images.xcassets */; };
		506228F51AC0533F00CBC40A /* LaunchScreen.xib in Resources */ = {isa = PBXBuildFile; fileRef = 506228F31AC0533F00CBC40A /* LaunchScreen.xib */; };
		506229011AC0533F00CBC40A /* RattleGLESTests.swift in Sources */ = {isa = PBXBuildFile; fileRef = 506229001AC0533F00CBC40A /* RattleGLESTests.swift */; };
		506229661AC053F800CBC40A /* texture_numbers.png in Resources */ = {isa = PBXBuildFile; fileRef = 5062291D1AC053F800CBC40A /* texture_numbers.png */; };
		5062297E1AC053F800CBC40A /* RMSActionProcessor.swift in Sources */ = {isa = PBXBuildFile; fileRef = 506229431AC053F800CBC40A /* RMSActionProcessor.swift */; };
		5062297F1AC053F800CBC40A /* RMSArt.swift in Sources */ = {isa = PBXBuildFile; fileRef = 506229441AC053F800CBC40A /* RMSArt.swift */; };
		506229811AC053F800CBC40A /* RMSKeys.swift in Sources */ = {isa = PBXBuildFile; fileRef = 506229461AC053F800CBC40A /* RMSKeys.swift */; };
		506229821AC053F800CBC40A /* RMSMaths.swift in Sources */ = {isa = PBXBuildFile; fileRef = 506229471AC053F800CBC40A /* RMSMaths.swift */; };
		506229831AC053F800CBC40A /* RMSParticle.swift in Sources */ = {isa = PBXBuildFile; fileRef = 506229481AC053F800CBC40A /* RMSParticle.swift */; };
		506229841AC053F800CBC40A /* RMSPhysicsBody.swift in Sources */ = {isa = PBXBuildFile; fileRef = 506229491AC053F800CBC40A /* RMSPhysicsBody.swift */; };
		506229861AC053F800CBC40A /* RMSWorld.swift in Sources */ = {isa = PBXBuildFile; fileRef = 5062294B1AC053F800CBC40A /* RMSWorld.swift */; };
		506229871AC053F800CBC40A /* RMX.swift in Sources */ = {isa = PBXBuildFile; fileRef = 5062294C1AC053F800CBC40A /* RMX.swift */; };
		506229881AC053F800CBC40A /* RMXCamera.swift in Sources */ = {isa = PBXBuildFile; fileRef = 5062294D1AC053F800CBC40A /* RMXCamera.swift */; };
		506229891AC053F800CBC40A /* RMXController.swift in Sources */ = {isa = PBXBuildFile; fileRef = 5062294E1AC053F800CBC40A /* RMXController.swift */; };
		5062298A1AC053F800CBC40A /* RMXDebugger.swift in Sources */ = {isa = PBXBuildFile; fileRef = 5062294F1AC053F800CBC40A /* RMXDebugger.swift */; };
		5062298C1AC053F800CBC40A /* RMXDPad.swift in Sources */ = {isa = PBXBuildFile; fileRef = 506229511AC053F800CBC40A /* RMXDPad.swift */; };
		5062298E1AC053F800CBC40A /* RMXInitialize.swift in Sources */ = {isa = PBXBuildFile; fileRef = 506229531AC053F800CBC40A /* RMXInitialize.swift */; };
		5062298F1AC053F800CBC40A /* RMXMouse.swift in Sources */ = {isa = PBXBuildFile; fileRef = 506229541AC053F800CBC40A /* RMXMouse.swift */; };
		506229901AC053F800CBC40A /* RMXObject.swift in Sources */ = {isa = PBXBuildFile; fileRef = 506229551AC053F800CBC40A /* RMXObject.swift */; };
		506229911AC053F800CBC40A /* RMXPhysics.swift in Sources */ = {isa = PBXBuildFile; fileRef = 506229561AC053F800CBC40A /* RMXPhysics.swift */; };
		506229931AC053F800CBC40A /* RMXShape.swift in Sources */ = {isa = PBXBuildFile; fileRef = 506229581AC053F800CBC40A /* RMXShape.swift */; };
		506229941AC053F800CBC40A /* RMXSpriteActions.swift in Sources */ = {isa = PBXBuildFile; fileRef = 506229591AC053F800CBC40A /* RMXSpriteActions.swift */; };
		506229951AC053F800CBC40A /* RMXValue.swift in Sources */ = {isa = PBXBuildFile; fileRef = 5062295A1AC053F800CBC40A /* RMXValue.swift */; };
		5069AF571AC1EBCE00540001 /* CWrappers.m in Sources */ = {isa = PBXBuildFile; fileRef = 5069AF561AC1EBCE00540001 /* CWrappers.m */; };
		50780FE81AC05644009AAEAE /* RMSEquations.swift in Sources */ = {isa = PBXBuildFile; fileRef = 50780FE71AC05644009AAEAE /* RMSEquations.swift */; };
		50780FEA1AC05E2F009AAEAE /* GLKit.framework in Frameworks */ = {isa = PBXBuildFile; fileRef = 50780FE91AC05E2F009AAEAE /* GLKit.framework */; settings = {ATTRIBUTES = (Required, ); }; };
		50780FEC1AC05F40009AAEAE /* GameViewController.swift in Sources */ = {isa = PBXBuildFile; fileRef = 506228EC1AC0533F00CBC40A /* GameViewController.swift */; };
		50F909FC1AC131B00032DB9E /* RMSGeometry.swift in Sources */ = {isa = PBXBuildFile; fileRef = 506229451AC053F800CBC40A /* RMSGeometry.swift */; };
		50F90A021AC1B8170032DB9E /* GameKit.framework in Frameworks */ = {isa = PBXBuildFile; fileRef = 50F90A011AC1B8170032DB9E /* GameKit.framework */; };
/* End PBXBuildFile section */

/* Begin PBXContainerItemProxy section */
		505904861AC1EDD200919A03 /* PBXContainerItemProxy */ = {
			isa = PBXContainerItemProxy;
			containerPortal = 506228D91AC0533F00CBC40A /* Project object */;
			proxyType = 1;
			remoteGlobalIDString = 5059046E1AC1EDD200919A03;
			remoteInfo = "Rattle Metal";
		};
		506228FB1AC0533F00CBC40A /* PBXContainerItemProxy */ = {
			isa = PBXContainerItemProxy;
			containerPortal = 506228D91AC0533F00CBC40A /* Project object */;
			proxyType = 1;
			remoteGlobalIDString = 506228E01AC0533F00CBC40A;
			remoteInfo = RattleGLES;
		};
/* End PBXContainerItemProxy section */

/* Begin PBXFileReference section */
		504BE1541AC2A418002CC51C /* RMOGeometry.m */ = {isa = PBXFileReference; fileEncoding = 4; lastKnownFileType = sourcecode.c.objc; path = RMOGeometry.m; sourceTree = "<group>"; };
		504BE1561AC2A422002CC51C /* RMOGeometry.h */ = {isa = PBXFileReference; lastKnownFileType = sourcecode.c.h; path = RMOGeometry.h; sourceTree = "<group>"; };
		504BE1571AC2ABEB002CC51C /* Vetices.m */ = {isa = PBXFileReference; fileEncoding = 4; lastKnownFileType = sourcecode.c.objc; path = Vetices.m; sourceTree = "<group>"; };
		5059046F1AC1EDD200919A03 /* Rattle Metal.app */ = {isa = PBXFileReference; explicitFileType = wrapper.application; includeInIndex = 0; path = "Rattle Metal.app"; sourceTree = BUILT_PRODUCTS_DIR; };
		505904721AC1EDD200919A03 /* Info.plist */ = {isa = PBXFileReference; lastKnownFileType = text.plist.xml; path = Info.plist; sourceTree = "<group>"; };
		505904731AC1EDD200919A03 /* AppDelegate.swift */ = {isa = PBXFileReference; lastKnownFileType = sourcecode.swift; path = AppDelegate.swift; sourceTree = "<group>"; };
		505904751AC1EDD200919A03 /* GameViewController.swift */ = {isa = PBXFileReference; lastKnownFileType = sourcecode.swift; path = GameViewController.swift; sourceTree = "<group>"; };
		505904771AC1EDD200919A03 /* Shaders.metal */ = {isa = PBXFileReference; lastKnownFileType = sourcecode.metal; path = Shaders.metal; sourceTree = "<group>"; };
		5059047A1AC1EDD200919A03 /* Base */ = {isa = PBXFileReference; lastKnownFileType = file.storyboard; name = Base; path = Base.lproj/Main.storyboard; sourceTree = "<group>"; };
		5059047C1AC1EDD200919A03 /* Images.xcassets */ = {isa = PBXFileReference; lastKnownFileType = folder.assetcatalog; path = Images.xcassets; sourceTree = "<group>"; };
		5059047F1AC1EDD200919A03 /* Base */ = {isa = PBXFileReference; lastKnownFileType = file.xib; name = Base; path = Base.lproj/LaunchScreen.xib; sourceTree = "<group>"; };
		505904851AC1EDD200919A03 /* Rattle MetalTests.xctest */ = {isa = PBXFileReference; explicitFileType = wrapper.cfbundle; includeInIndex = 0; path = "Rattle MetalTests.xctest"; sourceTree = BUILT_PRODUCTS_DIR; };
		5059048A1AC1EDD200919A03 /* Info.plist */ = {isa = PBXFileReference; lastKnownFileType = text.plist.xml; path = Info.plist; sourceTree = "<group>"; };
		5059048B1AC1EDD200919A03 /* Rattle_MetalTests.swift */ = {isa = PBXFileReference; lastKnownFileType = sourcecode.swift; path = Rattle_MetalTests.swift; sourceTree = "<group>"; };
		506228E11AC0533F00CBC40A /* RattleGLES.app */ = {isa = PBXFileReference; explicitFileType = wrapper.application; includeInIndex = 0; path = RattleGLES.app; sourceTree = BUILT_PRODUCTS_DIR; };
		506228E51AC0533F00CBC40A /* Info.plist */ = {isa = PBXFileReference; lastKnownFileType = text.plist.xml; path = Info.plist; sourceTree = "<group>"; };
		506228E61AC0533F00CBC40A /* AppDelegate.swift */ = {isa = PBXFileReference; lastKnownFileType = sourcecode.swift; path = AppDelegate.swift; sourceTree = "<group>"; };
		506228E81AC0533F00CBC40A /* Shader.fsh */ = {isa = PBXFileReference; lastKnownFileType = sourcecode.glsl; name = Shader.fsh; path = Shaders/Shader.fsh; sourceTree = "<group>"; };
		506228EA1AC0533F00CBC40A /* Shader.vsh */ = {isa = PBXFileReference; lastKnownFileType = sourcecode.glsl; name = Shader.vsh; path = Shaders/Shader.vsh; sourceTree = "<group>"; };
		506228EC1AC0533F00CBC40A /* GameViewController.swift */ = {isa = PBXFileReference; lastKnownFileType = sourcecode.swift; path = GameViewController.swift; sourceTree = "<group>"; };
		506228EF1AC0533F00CBC40A /* Base */ = {isa = PBXFileReference; lastKnownFileType = file.storyboard; name = Base; path = Base.lproj/Main.storyboard; sourceTree = "<group>"; };
		506228F11AC0533F00CBC40A /* Images.xcassets */ = {isa = PBXFileReference; lastKnownFileType = folder.assetcatalog; path = Images.xcassets; sourceTree = "<group>"; };
		506228F41AC0533F00CBC40A /* Base */ = {isa = PBXFileReference; lastKnownFileType = file.xib; name = Base; path = Base.lproj/LaunchScreen.xib; sourceTree = "<group>"; };
		506228FA1AC0533F00CBC40A /* RattleGLESTests.xctest */ = {isa = PBXFileReference; explicitFileType = wrapper.cfbundle; includeInIndex = 0; path = RattleGLESTests.xctest; sourceTree = BUILT_PRODUCTS_DIR; };
		506228FF1AC0533F00CBC40A /* Info.plist */ = {isa = PBXFileReference; lastKnownFileType = text.plist.xml; path = Info.plist; sourceTree = "<group>"; };
		506229001AC0533F00CBC40A /* RattleGLESTests.swift */ = {isa = PBXFileReference; lastKnownFileType = sourcecode.swift; path = RattleGLESTests.swift; sourceTree = "<group>"; };
		5062290A1AC0536F00CBC40A /* RattleGLES-Bridging-Header.h */ = {isa = PBXFileReference; lastKnownFileType = sourcecode.c.h; path = "RattleGLES-Bridging-Header.h"; sourceTree = "<group>"; };
		5062291D1AC053F800CBC40A /* texture_numbers.png */ = {isa = PBXFileReference; lastKnownFileType = image.png; path = texture_numbers.png; sourceTree = "<group>"; };
		506229301AC053F800CBC40A /* AppDelegate.swift */ = {isa = PBXFileReference; fileEncoding = 4; lastKnownFileType = sourcecode.swift; path = AppDelegate.swift; sourceTree = "<group>"; };
		506229321AC053F800CBC40A /* Base */ = {isa = PBXFileReference; lastKnownFileType = file.storyboard; name = Base; path = Base.lproj/Main.storyboard; sourceTree = "<group>"; };
		506229331AC053F800CBC40A /* Images.xcassets */ = {isa = PBXFileReference; lastKnownFileType = folder.assetcatalog; path = Images.xcassets; sourceTree = "<group>"; };
		506229341AC053F800CBC40A /* Info.plist */ = {isa = PBXFileReference; fileEncoding = 4; lastKnownFileType = text.plist.xml; path = Info.plist; sourceTree = "<group>"; };
		506229351AC053F800CBC40A /* rattle1.icns */ = {isa = PBXFileReference; lastKnownFileType = image.icns; path = rattle1.icns; sourceTree = "<group>"; };
		506229361AC053F800CBC40A /* ViewController.swift */ = {isa = PBXFileReference; fileEncoding = 4; lastKnownFileType = sourcecode.swift; path = ViewController.swift; sourceTree = "<group>"; };
		506229381AC053F800CBC40A /* AppDelegate.swift */ = {isa = PBXFileReference; fileEncoding = 4; lastKnownFileType = sourcecode.swift; path = AppDelegate.swift; sourceTree = "<group>"; };
		506229391AC053F800CBC40A /* art.scnassets */ = {isa = PBXFileReference; lastKnownFileType = wrapper.scnassets; path = art.scnassets; sourceTree = "<group>"; };
		5062293B1AC053F800CBC40A /* Base */ = {isa = PBXFileReference; lastKnownFileType = file.xib; name = Base; path = Base.lproj/MainMenu.xib; sourceTree = "<group>"; };
		5062293C1AC053F800CBC40A /* GameView.swift */ = {isa = PBXFileReference; fileEncoding = 4; lastKnownFileType = sourcecode.swift; path = GameView.swift; sourceTree = "<group>"; };
		5062293D1AC053F800CBC40A /* GameViewController.swift */ = {isa = PBXFileReference; fileEncoding = 4; lastKnownFileType = sourcecode.swift; path = GameViewController.swift; sourceTree = "<group>"; };
		5062293E1AC053F800CBC40A /* Images.xcassets */ = {isa = PBXFileReference; lastKnownFileType = folder.assetcatalog; path = Images.xcassets; sourceTree = "<group>"; };
		5062293F1AC053F800CBC40A /* Info.plist */ = {isa = PBXFileReference; fileEncoding = 4; lastKnownFileType = text.plist.xml; path = Info.plist; sourceTree = "<group>"; };
		506229401AC053F800CBC40A /* RMXNode.swift */ = {isa = PBXFileReference; fileEncoding = 4; lastKnownFileType = sourcecode.swift; path = RMXNode.swift; sourceTree = "<group>"; };
		506229421AC053F800CBC40A /* Info.plist */ = {isa = PBXFileReference; fileEncoding = 4; lastKnownFileType = text.plist.xml; path = Info.plist; sourceTree = "<group>"; };
		506229431AC053F800CBC40A /* RMSActionProcessor.swift */ = {isa = PBXFileReference; fileEncoding = 4; lastKnownFileType = sourcecode.swift; path = RMSActionProcessor.swift; sourceTree = "<group>"; };
		506229441AC053F800CBC40A /* RMSArt.swift */ = {isa = PBXFileReference; fileEncoding = 4; lastKnownFileType = sourcecode.swift; path = RMSArt.swift; sourceTree = "<group>"; };
		506229451AC053F800CBC40A /* RMSGeometry.swift */ = {isa = PBXFileReference; fileEncoding = 4; lastKnownFileType = sourcecode.swift; path = RMSGeometry.swift; sourceTree = "<group>"; };
		506229461AC053F800CBC40A /* RMSKeys.swift */ = {isa = PBXFileReference; fileEncoding = 4; lastKnownFileType = sourcecode.swift; path = RMSKeys.swift; sourceTree = "<group>"; };
		506229471AC053F800CBC40A /* RMSMaths.swift */ = {isa = PBXFileReference; fileEncoding = 4; lastKnownFileType = sourcecode.swift; path = RMSMaths.swift; sourceTree = "<group>"; };
		506229481AC053F800CBC40A /* RMSParticle.swift */ = {isa = PBXFileReference; fileEncoding = 4; lastKnownFileType = sourcecode.swift; path = RMSParticle.swift; sourceTree = "<group>"; };
		506229491AC053F800CBC40A /* RMSPhysicsBody.swift */ = {isa = PBXFileReference; fileEncoding = 4; lastKnownFileType = sourcecode.swift; path = RMSPhysicsBody.swift; sourceTree = "<group>"; };
		5062294A1AC053F800CBC40A /* RMSView.swift */ = {isa = PBXFileReference; fileEncoding = 4; lastKnownFileType = sourcecode.swift; path = RMSView.swift; sourceTree = "<group>"; };
		5062294B1AC053F800CBC40A /* RMSWorld.swift */ = {isa = PBXFileReference; fileEncoding = 4; lastKnownFileType = sourcecode.swift; path = RMSWorld.swift; sourceTree = "<group>"; };
		5062294C1AC053F800CBC40A /* RMX.swift */ = {isa = PBXFileReference; fileEncoding = 4; lastKnownFileType = sourcecode.swift; path = RMX.swift; sourceTree = "<group>"; };
		5062294D1AC053F800CBC40A /* RMXCamera.swift */ = {isa = PBXFileReference; fileEncoding = 4; lastKnownFileType = sourcecode.swift; path = RMXCamera.swift; sourceTree = "<group>"; };
		5062294E1AC053F800CBC40A /* RMXController.swift */ = {isa = PBXFileReference; fileEncoding = 4; lastKnownFileType = sourcecode.swift; path = RMXController.swift; sourceTree = "<group>"; };
		5062294F1AC053F800CBC40A /* RMXDebugger.swift */ = {isa = PBXFileReference; fileEncoding = 4; lastKnownFileType = sourcecode.swift; path = RMXDebugger.swift; sourceTree = "<group>"; };
		506229501AC053F800CBC40A /* RMXDesktopController.swift */ = {isa = PBXFileReference; fileEncoding = 4; lastKnownFileType = sourcecode.swift; path = RMXDesktopController.swift; sourceTree = "<group>"; };
		506229511AC053F800CBC40A /* RMXDPad.swift */ = {isa = PBXFileReference; fileEncoding = 4; lastKnownFileType = sourcecode.swift; path = RMXDPad.swift; sourceTree = "<group>"; };
		506229521AC053F800CBC40A /* RMXGLut.swift */ = {isa = PBXFileReference; fileEncoding = 4; lastKnownFileType = sourcecode.swift; path = RMXGLut.swift; sourceTree = "<group>"; };
		506229531AC053F800CBC40A /* RMXInitialize.swift */ = {isa = PBXFileReference; fileEncoding = 4; lastKnownFileType = sourcecode.swift; path = RMXInitialize.swift; sourceTree = "<group>"; };
		506229541AC053F800CBC40A /* RMXMouse.swift */ = {isa = PBXFileReference; fileEncoding = 4; lastKnownFileType = sourcecode.swift; path = RMXMouse.swift; sourceTree = "<group>"; };
		506229551AC053F800CBC40A /* RMXObject.swift */ = {isa = PBXFileReference; fileEncoding = 4; lastKnownFileType = sourcecode.swift; path = RMXObject.swift; sourceTree = "<group>"; };
		506229561AC053F800CBC40A /* RMXPhysics.swift */ = {isa = PBXFileReference; fileEncoding = 4; lastKnownFileType = sourcecode.swift; path = RMXPhysics.swift; sourceTree = "<group>"; };
		506229571AC053F800CBC40A /* RMXScene.swift */ = {isa = PBXFileReference; fileEncoding = 4; lastKnownFileType = sourcecode.swift; path = RMXScene.swift; sourceTree = "<group>"; };
		506229581AC053F800CBC40A /* RMXShape.swift */ = {isa = PBXFileReference; fileEncoding = 4; lastKnownFileType = sourcecode.swift; path = RMXShape.swift; sourceTree = "<group>"; };
		506229591AC053F800CBC40A /* RMXSpriteActions.swift */ = {isa = PBXFileReference; fileEncoding = 4; lastKnownFileType = sourcecode.swift; path = RMXSpriteActions.swift; sourceTree = "<group>"; };
		5062295A1AC053F800CBC40A /* RMXValue.swift */ = {isa = PBXFileReference; fileEncoding = 4; lastKnownFileType = sourcecode.swift; path = RMXValue.swift; sourceTree = "<group>"; };
		5069AF561AC1EBCE00540001 /* CWrappers.m */ = {isa = PBXFileReference; fileEncoding = 4; lastKnownFileType = sourcecode.c.objc; path = CWrappers.m; sourceTree = "<group>"; };
		50780FE71AC05644009AAEAE /* RMSEquations.swift */ = {isa = PBXFileReference; fileEncoding = 4; lastKnownFileType = sourcecode.swift; name = RMSEquations.swift; path = ../../RattleGLES/RattleGLES/RMSEquations.swift; sourceTree = "<group>"; };
		50780FE91AC05E2F009AAEAE /* GLKit.framework */ = {isa = PBXFileReference; lastKnownFileType = wrapper.framework; name = GLKit.framework; path = System/Library/Frameworks/GLKit.framework; sourceTree = SDKROOT; };
		50F909FE1AC1A6340032DB9E /* Vertices.h */ = {isa = PBXFileReference; lastKnownFileType = sourcecode.c.h; path = Vertices.h; sourceTree = "<group>"; };
		50F90A011AC1B8170032DB9E /* GameKit.framework */ = {isa = PBXFileReference; lastKnownFileType = wrapper.framework; name = GameKit.framework; path = System/Library/Frameworks/GameKit.framework; sourceTree = SDKROOT; };
/* End PBXFileReference section */

/* Begin PBXFrameworksBuildPhase section */
		5059046C1AC1EDD200919A03 /* Frameworks */ = {
			isa = PBXFrameworksBuildPhase;
			buildActionMask = 2147483647;
			files = (
			);
			runOnlyForDeploymentPostprocessing = 0;
		};
		505904821AC1EDD200919A03 /* Frameworks */ = {
			isa = PBXFrameworksBuildPhase;
			buildActionMask = 2147483647;
			files = (
			);
			runOnlyForDeploymentPostprocessing = 0;
		};
		506228DE1AC0533F00CBC40A /* Frameworks */ = {
			isa = PBXFrameworksBuildPhase;
			buildActionMask = 2147483647;
			files = (
				50780FEA1AC05E2F009AAEAE /* GLKit.framework in Frameworks */,
				50F90A021AC1B8170032DB9E /* GameKit.framework in Frameworks */,
			);
			runOnlyForDeploymentPostprocessing = 0;
		};
		506228F71AC0533F00CBC40A /* Frameworks */ = {
			isa = PBXFrameworksBuildPhase;
			buildActionMask = 2147483647;
			files = (
			);
			runOnlyForDeploymentPostprocessing = 0;
		};
/* End PBXFrameworksBuildPhase section */

/* Begin PBXGroup section */
		5059046A1AC1EDA200919A03 /* Core */ = {
			isa = PBXGroup;
			children = (
				5062291E1AC053F800CBC40A /* Objective-C */,
				506229411AC053F800CBC40A /* Swift */,
			);
			name = Core;
			sourceTree = "<group>";
		};
		505904701AC1EDD200919A03 /* Rattle Metal */ = {
			isa = PBXGroup;
			children = (
				505904731AC1EDD200919A03 /* AppDelegate.swift */,
				505904751AC1EDD200919A03 /* GameViewController.swift */,
				505904771AC1EDD200919A03 /* Shaders.metal */,
				505904791AC1EDD200919A03 /* Main.storyboard */,
				5059047C1AC1EDD200919A03 /* Images.xcassets */,
				5059047E1AC1EDD200919A03 /* LaunchScreen.xib */,
				505904711AC1EDD200919A03 /* Supporting Files */,
			);
			path = "Rattle Metal";
			sourceTree = "<group>";
		};
		505904711AC1EDD200919A03 /* Supporting Files */ = {
			isa = PBXGroup;
			children = (
				505904721AC1EDD200919A03 /* Info.plist */,
			);
			name = "Supporting Files";
			sourceTree = "<group>";
		};
		505904881AC1EDD200919A03 /* Rattle MetalTests */ = {
			isa = PBXGroup;
			children = (
				5059048B1AC1EDD200919A03 /* Rattle_MetalTests.swift */,
				505904891AC1EDD200919A03 /* Supporting Files */,
			);
			path = "Rattle MetalTests";
			sourceTree = "<group>";
		};
		505904891AC1EDD200919A03 /* Supporting Files */ = {
			isa = PBXGroup;
			children = (
				5059048A1AC1EDD200919A03 /* Info.plist */,
			);
			name = "Supporting Files";
			sourceTree = "<group>";
		};
		506228D81AC0533F00CBC40A = {
			isa = PBXGroup;
			children = (
				50F90A011AC1B8170032DB9E /* GameKit.framework */,
				50780FE91AC05E2F009AAEAE /* GLKit.framework */,
				5062290C1AC053F800CBC40A /* Assets */,
				5059046A1AC1EDA200919A03 /* Core */,
				5062292F1AC053F800CBC40A /* OSX */,
				506229371AC053F800CBC40A /* OSX SceneKit */,
				506228E31AC0533F00CBC40A /* RattleGLES */,
				506228FD1AC0533F00CBC40A /* RattleGLESTests */,
				505904701AC1EDD200919A03 /* Rattle Metal */,
				505904881AC1EDD200919A03 /* Rattle MetalTests */,
				506228E21AC0533F00CBC40A /* Products */,
			);
			sourceTree = "<group>";
		};
		506228E21AC0533F00CBC40A /* Products */ = {
			isa = PBXGroup;
			children = (
				506228E11AC0533F00CBC40A /* RattleGLES.app */,
				506228FA1AC0533F00CBC40A /* RattleGLESTests.xctest */,
				5059046F1AC1EDD200919A03 /* Rattle Metal.app */,
				505904851AC1EDD200919A03 /* Rattle MetalTests.xctest */,
			);
			name = Products;
			sourceTree = "<group>";
		};
		506228E31AC0533F00CBC40A /* RattleGLES */ = {
			isa = PBXGroup;
			children = (
				506228E61AC0533F00CBC40A /* AppDelegate.swift */,
				506228E81AC0533F00CBC40A /* Shader.fsh */,
				506228EA1AC0533F00CBC40A /* Shader.vsh */,
				506228EC1AC0533F00CBC40A /* GameViewController.swift */,
				506228EE1AC0533F00CBC40A /* Main.storyboard */,
				506228F11AC0533F00CBC40A /* Images.xcassets */,
				506228F31AC0533F00CBC40A /* LaunchScreen.xib */,
				506228E41AC0533F00CBC40A /* Supporting Files */,
				5062290A1AC0536F00CBC40A /* RattleGLES-Bridging-Header.h */,
			);
			path = RattleGLES;
			sourceTree = "<group>";
		};
		506228E41AC0533F00CBC40A /* Supporting Files */ = {
			isa = PBXGroup;
			children = (
				506228E51AC0533F00CBC40A /* Info.plist */,
			);
			name = "Supporting Files";
			sourceTree = "<group>";
		};
		506228FD1AC0533F00CBC40A /* RattleGLESTests */ = {
			isa = PBXGroup;
			children = (
				506229001AC0533F00CBC40A /* RattleGLESTests.swift */,
				506228FE1AC0533F00CBC40A /* Supporting Files */,
			);
			path = RattleGLESTests;
			sourceTree = "<group>";
		};
		506228FE1AC0533F00CBC40A /* Supporting Files */ = {
			isa = PBXGroup;
			children = (
				506228FF1AC0533F00CBC40A /* Info.plist */,
			);
			name = "Supporting Files";
			sourceTree = "<group>";
		};
		5062290C1AC053F800CBC40A /* Assets */ = {
			isa = PBXGroup;
			children = (
				5062291D1AC053F800CBC40A /* texture_numbers.png */,
			);
			name = Assets;
			path = ../RattleGLS/iOSView;
			sourceTree = "<group>";
		};
		5062291E1AC053F800CBC40A /* Objective-C */ = {
			isa = PBXGroup;
			children = (
				5069AF561AC1EBCE00540001 /* CWrappers.m */,
				50F909FE1AC1A6340032DB9E /* Vertices.h */,
				504BE1541AC2A418002CC51C /* RMOGeometry.m */,
				504BE1561AC2A422002CC51C /* RMOGeometry.h */,
				504BE1571AC2ABEB002CC51C /* Vetices.m */,
			);
			name = "Objective-C";
			path = "../RattleGLS/Objective-C";
			sourceTree = "<group>";
		};
		5062292F1AC053F800CBC40A /* OSX */ = {
			isa = PBXGroup;
			children = (
				506229301AC053F800CBC40A /* AppDelegate.swift */,
				506229311AC053F800CBC40A /* Main.storyboard */,
				506229331AC053F800CBC40A /* Images.xcassets */,
				506229341AC053F800CBC40A /* Info.plist */,
				506229351AC053F800CBC40A /* rattle1.icns */,
				506229361AC053F800CBC40A /* ViewController.swift */,
			);
			name = OSX;
			path = ../RattleGLS/OSX;
			sourceTree = "<group>";
		};
		506229371AC053F800CBC40A /* OSX SceneKit */ = {
			isa = PBXGroup;
			children = (
				506229381AC053F800CBC40A /* AppDelegate.swift */,
				506229391AC053F800CBC40A /* art.scnassets */,
				5062293A1AC053F800CBC40A /* MainMenu.xib */,
				5062293C1AC053F800CBC40A /* GameView.swift */,
				5062293D1AC053F800CBC40A /* GameViewController.swift */,
				5062293E1AC053F800CBC40A /* Images.xcassets */,
				5062293F1AC053F800CBC40A /* Info.plist */,
				506229401AC053F800CBC40A /* RMXNode.swift */,
			);
			name = "OSX SceneKit";
			path = "../RattleGLS/OSX SceneKit";
			sourceTree = "<group>";
		};
		506229411AC053F800CBC40A /* Swift */ = {
			isa = PBXGroup;
			children = (
				506229421AC053F800CBC40A /* Info.plist */,
				506229431AC053F800CBC40A /* RMSActionProcessor.swift */,
				506229441AC053F800CBC40A /* RMSArt.swift */,
				506229451AC053F800CBC40A /* RMSGeometry.swift */,
				506229461AC053F800CBC40A /* RMSKeys.swift */,
				506229471AC053F800CBC40A /* RMSMaths.swift */,
				506229481AC053F800CBC40A /* RMSParticle.swift */,
				506229491AC053F800CBC40A /* RMSPhysicsBody.swift */,
				5062294A1AC053F800CBC40A /* RMSView.swift */,
				5062294B1AC053F800CBC40A /* RMSWorld.swift */,
				5062294C1AC053F800CBC40A /* RMX.swift */,
				5062294D1AC053F800CBC40A /* RMXCamera.swift */,
				5062294E1AC053F800CBC40A /* RMXController.swift */,
				5062294F1AC053F800CBC40A /* RMXDebugger.swift */,
				506229501AC053F800CBC40A /* RMXDesktopController.swift */,
				506229511AC053F800CBC40A /* RMXDPad.swift */,
				506229521AC053F800CBC40A /* RMXGLut.swift */,
				506229531AC053F800CBC40A /* RMXInitialize.swift */,
				506229541AC053F800CBC40A /* RMXMouse.swift */,
				506229551AC053F800CBC40A /* RMXObject.swift */,
				506229561AC053F800CBC40A /* RMXPhysics.swift */,
				506229571AC053F800CBC40A /* RMXScene.swift */,
				506229581AC053F800CBC40A /* RMXShape.swift */,
				506229591AC053F800CBC40A /* RMXSpriteActions.swift */,
				5062295A1AC053F800CBC40A /* RMXValue.swift */,
				50780FE71AC05644009AAEAE /* RMSEquations.swift */,
			);
			name = Swift;
			path = ../RattleGLS/Swift;
			sourceTree = "<group>";
		};
/* End PBXGroup section */

/* Begin PBXNativeTarget section */
		5059046E1AC1EDD200919A03 /* Rattle Metal */ = {
			isa = PBXNativeTarget;
			buildConfigurationList = 5059048D1AC1EDD200919A03 /* Build configuration list for PBXNativeTarget "Rattle Metal" */;
			buildPhases = (
				5059046B1AC1EDD200919A03 /* Sources */,
				5059046C1AC1EDD200919A03 /* Frameworks */,
				5059046D1AC1EDD200919A03 /* Resources */,
			);
			buildRules = (
			);
			dependencies = (
			);
			name = "Rattle Metal";
			productName = "Rattle Metal";
			productReference = 5059046F1AC1EDD200919A03 /* Rattle Metal.app */;
			productType = "com.apple.product-type.application";
		};
		505904841AC1EDD200919A03 /* Rattle MetalTests */ = {
			isa = PBXNativeTarget;
			buildConfigurationList = 505904901AC1EDD200919A03 /* Build configuration list for PBXNativeTarget "Rattle MetalTests" */;
			buildPhases = (
				505904811AC1EDD200919A03 /* Sources */,
				505904821AC1EDD200919A03 /* Frameworks */,
				505904831AC1EDD200919A03 /* Resources */,
			);
			buildRules = (
			);
			dependencies = (
				505904871AC1EDD200919A03 /* PBXTargetDependency */,
			);
			name = "Rattle MetalTests";
			productName = "Rattle MetalTests";
			productReference = 505904851AC1EDD200919A03 /* Rattle MetalTests.xctest */;
			productType = "com.apple.product-type.bundle.unit-test";
		};
		506228E01AC0533F00CBC40A /* RattleGLES */ = {
			isa = PBXNativeTarget;
			buildConfigurationList = 506229041AC0533F00CBC40A /* Build configuration list for PBXNativeTarget "RattleGLES" */;
			buildPhases = (
				506228DD1AC0533F00CBC40A /* Sources */,
				506228DE1AC0533F00CBC40A /* Frameworks */,
				506228DF1AC0533F00CBC40A /* Resources */,
			);
			buildRules = (
			);
			dependencies = (
			);
			name = RattleGLES;
			productName = RattleGLES;
			productReference = 506228E11AC0533F00CBC40A /* RattleGLES.app */;
			productType = "com.apple.product-type.application";
		};
		506228F91AC0533F00CBC40A /* RattleGLESTests */ = {
			isa = PBXNativeTarget;
			buildConfigurationList = 506229071AC0533F00CBC40A /* Build configuration list for PBXNativeTarget "RattleGLESTests" */;
			buildPhases = (
				506228F61AC0533F00CBC40A /* Sources */,
				506228F71AC0533F00CBC40A /* Frameworks */,
				506228F81AC0533F00CBC40A /* Resources */,
			);
			buildRules = (
			);
			dependencies = (
				506228FC1AC0533F00CBC40A /* PBXTargetDependency */,
			);
			name = RattleGLESTests;
			productName = RattleGLESTests;
			productReference = 506228FA1AC0533F00CBC40A /* RattleGLESTests.xctest */;
			productType = "com.apple.product-type.bundle.unit-test";
		};
/* End PBXNativeTarget section */

/* Begin PBXProject section */
		506228D91AC0533F00CBC40A /* Project object */ = {
			isa = PBXProject;
			attributes = {
				LastUpgradeCheck = 0630;
				ORGANIZATIONNAME = "Rattle Media Ltd";
				TargetAttributes = {
					5059046E1AC1EDD200919A03 = {
						CreatedOnToolsVersion = 6.3;
					};
					505904841AC1EDD200919A03 = {
						CreatedOnToolsVersion = 6.3;
						TestTargetID = 5059046E1AC1EDD200919A03;
					};
					506228E01AC0533F00CBC40A = {
						CreatedOnToolsVersion = 6.3;
						DevelopmentTeam = 668T39KN4E;
						SystemCapabilities = {
							com.apple.GameCenter = {
								enabled = 1;
							};
						};
					};
					506228F91AC0533F00CBC40A = {
						CreatedOnToolsVersion = 6.3;
						TestTargetID = 506228E01AC0533F00CBC40A;
					};
				};
			};
			buildConfigurationList = 506228DC1AC0533F00CBC40A /* Build configuration list for PBXProject "RattleGLES" */;
			compatibilityVersion = "Xcode 6.3";
			developmentRegion = English;
			hasScannedForEncodings = 0;
			knownRegions = (
				en,
				Base,
			);
			mainGroup = 506228D81AC0533F00CBC40A;
			productRefGroup = 506228E21AC0533F00CBC40A /* Products */;
			projectDirPath = "";
			projectRoot = "";
			targets = (
				506228E01AC0533F00CBC40A /* RattleGLES */,
				506228F91AC0533F00CBC40A /* RattleGLESTests */,
				5059046E1AC1EDD200919A03 /* Rattle Metal */,
				505904841AC1EDD200919A03 /* Rattle MetalTests */,
			);
		};
/* End PBXProject section */

/* Begin PBXResourcesBuildPhase section */
		5059046D1AC1EDD200919A03 /* Resources */ = {
			isa = PBXResourcesBuildPhase;
			buildActionMask = 2147483647;
			files = (
				5059047B1AC1EDD200919A03 /* Main.storyboard in Resources */,
				505904801AC1EDD200919A03 /* LaunchScreen.xib in Resources */,
				5059047D1AC1EDD200919A03 /* Images.xcassets in Resources */,
			);
			runOnlyForDeploymentPostprocessing = 0;
		};
		505904831AC1EDD200919A03 /* Resources */ = {
			isa = PBXResourcesBuildPhase;
			buildActionMask = 2147483647;
			files = (
			);
			runOnlyForDeploymentPostprocessing = 0;
		};
		506228DF1AC0533F00CBC40A /* Resources */ = {
			isa = PBXResourcesBuildPhase;
			buildActionMask = 2147483647;
			files = (
				506228F51AC0533F00CBC40A /* LaunchScreen.xib in Resources */,
				506228F01AC0533F00CBC40A /* Main.storyboard in Resources */,
				506229661AC053F800CBC40A /* texture_numbers.png in Resources */,
				506228F21AC0533F00CBC40A /* Images.xcassets in Resources */,
				506228EB1AC0533F00CBC40A /* Shader.vsh in Resources */,
				506228E91AC0533F00CBC40A /* Shader.fsh in Resources */,
			);
			runOnlyForDeploymentPostprocessing = 0;
		};
		506228F81AC0533F00CBC40A /* Resources */ = {
			isa = PBXResourcesBuildPhase;
			buildActionMask = 2147483647;
			files = (
			);
			runOnlyForDeploymentPostprocessing = 0;
		};
/* End PBXResourcesBuildPhase section */

/* Begin PBXSourcesBuildPhase section */
		5059046B1AC1EDD200919A03 /* Sources */ = {
			isa = PBXSourcesBuildPhase;
			buildActionMask = 2147483647;
			files = (
				505904781AC1EDD200919A03 /* Shaders.metal in Sources */,
				505904761AC1EDD200919A03 /* GameViewController.swift in Sources */,
				505904741AC1EDD200919A03 /* AppDelegate.swift in Sources */,
			);
			runOnlyForDeploymentPostprocessing = 0;
		};
		505904811AC1EDD200919A03 /* Sources */ = {
			isa = PBXSourcesBuildPhase;
			buildActionMask = 2147483647;
			files = (
				5059048C1AC1EDD200919A03 /* Rattle_MetalTests.swift in Sources */,
			);
			runOnlyForDeploymentPostprocessing = 0;
		};
		506228DD1AC0533F00CBC40A /* Sources */ = {
			isa = PBXSourcesBuildPhase;
			buildActionMask = 2147483647;
			files = (
				506229821AC053F800CBC40A /* RMSMaths.swift in Sources */,
				506229881AC053F800CBC40A /* RMXCamera.swift in Sources */,
				506229811AC053F800CBC40A /* RMSKeys.swift in Sources */,
				50780FE81AC05644009AAEAE /* RMSEquations.swift in Sources */,
				506229891AC053F800CBC40A /* RMXController.swift in Sources */,
				50780FEC1AC05F40009AAEAE /* GameViewController.swift in Sources */,
				5062297F1AC053F800CBC40A /* RMSArt.swift in Sources */,
				5062298C1AC053F800CBC40A /* RMXDPad.swift in Sources */,
				506229861AC053F800CBC40A /* RMSWorld.swift in Sources */,
				50F909FC1AC131B00032DB9E /* RMSGeometry.swift in Sources */,
				506229931AC053F800CBC40A /* RMXShape.swift in Sources */,
				504BE1581AC2ABEB002CC51C /* Vetices.m in Sources */,
				506229841AC053F800CBC40A /* RMSPhysicsBody.swift in Sources */,
				506229941AC053F800CBC40A /* RMXSpriteActions.swift in Sources */,
				5069AF571AC1EBCE00540001 /* CWrappers.m in Sources */,
				506229901AC053F800CBC40A /* RMXObject.swift in Sources */,
				5062297E1AC053F800CBC40A /* RMSActionProcessor.swift in Sources */,
				5062298F1AC053F800CBC40A /* RMXMouse.swift in Sources */,
				5062298E1AC053F800CBC40A /* RMXInitialize.swift in Sources */,
				506228E71AC0533F00CBC40A /* AppDelegate.swift in Sources */,
				506229951AC053F800CBC40A /* RMXValue.swift in Sources */,
				506229831AC053F800CBC40A /* RMSParticle.swift in Sources */,
				5062298A1AC053F800CBC40A /* RMXDebugger.swift in Sources */,
				506229911AC053F800CBC40A /* RMXPhysics.swift in Sources */,
				506229871AC053F800CBC40A /* RMX.swift in Sources */,
			);
			runOnlyForDeploymentPostprocessing = 0;
		};
		506228F61AC0533F00CBC40A /* Sources */ = {
			isa = PBXSourcesBuildPhase;
			buildActionMask = 2147483647;
			files = (
				506229011AC0533F00CBC40A /* RattleGLESTests.swift in Sources */,
			);
			runOnlyForDeploymentPostprocessing = 0;
		};
/* End PBXSourcesBuildPhase section */

/* Begin PBXTargetDependency section */
		505904871AC1EDD200919A03 /* PBXTargetDependency */ = {
			isa = PBXTargetDependency;
			target = 5059046E1AC1EDD200919A03 /* Rattle Metal */;
			targetProxy = 505904861AC1EDD200919A03 /* PBXContainerItemProxy */;
		};
		506228FC1AC0533F00CBC40A /* PBXTargetDependency */ = {
			isa = PBXTargetDependency;
			target = 506228E01AC0533F00CBC40A /* RattleGLES */;
			targetProxy = 506228FB1AC0533F00CBC40A /* PBXContainerItemProxy */;
		};
/* End PBXTargetDependency section */

/* Begin PBXVariantGroup section */
		505904791AC1EDD200919A03 /* Main.storyboard */ = {
			isa = PBXVariantGroup;
			children = (
				5059047A1AC1EDD200919A03 /* Base */,
			);
			name = Main.storyboard;
			sourceTree = "<group>";
		};
		5059047E1AC1EDD200919A03 /* LaunchScreen.xib */ = {
			isa = PBXVariantGroup;
			children = (
				5059047F1AC1EDD200919A03 /* Base */,
			);
			name = LaunchScreen.xib;
			sourceTree = "<group>";
		};
		506228EE1AC0533F00CBC40A /* Main.storyboard */ = {
			isa = PBXVariantGroup;
			children = (
				506228EF1AC0533F00CBC40A /* Base */,
			);
			name = Main.storyboard;
			sourceTree = "<group>";
		};
		506228F31AC0533F00CBC40A /* LaunchScreen.xib */ = {
			isa = PBXVariantGroup;
			children = (
				506228F41AC0533F00CBC40A /* Base */,
			);
			name = LaunchScreen.xib;
			sourceTree = "<group>";
		};
		506229311AC053F800CBC40A /* Main.storyboard */ = {
			isa = PBXVariantGroup;
			children = (
				506229321AC053F800CBC40A /* Base */,
			);
			name = Main.storyboard;
			sourceTree = "<group>";
		};
		5062293A1AC053F800CBC40A /* MainMenu.xib */ = {
			isa = PBXVariantGroup;
			children = (
				5062293B1AC053F800CBC40A /* Base */,
			);
			name = MainMenu.xib;
			sourceTree = "<group>";
		};
/* End PBXVariantGroup section */

/* Begin XCBuildConfiguration section */
		5059048E1AC1EDD200919A03 /* Debug */ = {
			isa = XCBuildConfiguration;
			buildSettings = {
				ASSETCATALOG_COMPILER_APPICON_NAME = AppIcon;
				GCC_PREPROCESSOR_DEFINITIONS = (
					"DEBUG=1",
					"$(inherited)",
				);
				INFOPLIST_FILE = "Rattle Metal/Info.plist";
				LD_RUNPATH_SEARCH_PATHS = "$(inherited) @executable_path/Frameworks";
				PRODUCT_NAME = "$(TARGET_NAME)";
			};
			name = Debug;
		};
		5059048F1AC1EDD200919A03 /* Release */ = {
			isa = XCBuildConfiguration;
			buildSettings = {
				ASSETCATALOG_COMPILER_APPICON_NAME = AppIcon;
				INFOPLIST_FILE = "Rattle Metal/Info.plist";
				LD_RUNPATH_SEARCH_PATHS = "$(inherited) @executable_path/Frameworks";
				PRODUCT_NAME = "$(TARGET_NAME)";
			};
			name = Release;
		};
		505904911AC1EDD200919A03 /* Debug */ = {
			isa = XCBuildConfiguration;
			buildSettings = {
				BUNDLE_LOADER = "$(TEST_HOST)";
				FRAMEWORK_SEARCH_PATHS = (
					"$(SDKROOT)/Developer/Library/Frameworks",
					"$(inherited)",
				);
				GCC_PREPROCESSOR_DEFINITIONS = (
					"DEBUG=1",
					"$(inherited)",
				);
				INFOPLIST_FILE = "Rattle MetalTests/Info.plist";
				LD_RUNPATH_SEARCH_PATHS = "$(inherited) @executable_path/Frameworks @loader_path/Frameworks";
				PRODUCT_NAME = "$(TARGET_NAME)";
				TEST_HOST = "$(BUILT_PRODUCTS_DIR)/Rattle Metal.app/Rattle Metal";
			};
			name = Debug;
		};
		505904921AC1EDD200919A03 /* Release */ = {
			isa = XCBuildConfiguration;
			buildSettings = {
				BUNDLE_LOADER = "$(TEST_HOST)";
				FRAMEWORK_SEARCH_PATHS = (
					"$(SDKROOT)/Developer/Library/Frameworks",
					"$(inherited)",
				);
				INFOPLIST_FILE = "Rattle MetalTests/Info.plist";
				LD_RUNPATH_SEARCH_PATHS = "$(inherited) @executable_path/Frameworks @loader_path/Frameworks";
				PRODUCT_NAME = "$(TARGET_NAME)";
				TEST_HOST = "$(BUILT_PRODUCTS_DIR)/Rattle Metal.app/Rattle Metal";
			};
			name = Release;
		};
		506229021AC0533F00CBC40A /* Debug */ = {
			isa = XCBuildConfiguration;
			buildSettings = {
				ALWAYS_SEARCH_USER_PATHS = NO;
				CLANG_CXX_LANGUAGE_STANDARD = "gnu++0x";
				CLANG_CXX_LIBRARY = "libc++";
				CLANG_ENABLE_MODULES = YES;
				CLANG_ENABLE_OBJC_ARC = YES;
				CLANG_WARN_BOOL_CONVERSION = YES;
				CLANG_WARN_CONSTANT_CONVERSION = YES;
				CLANG_WARN_DIRECT_OBJC_ISA_USAGE = YES_ERROR;
				CLANG_WARN_EMPTY_BODY = YES;
				CLANG_WARN_ENUM_CONVERSION = YES;
				CLANG_WARN_INT_CONVERSION = YES;
				CLANG_WARN_OBJC_ROOT_CLASS = YES_ERROR;
				CLANG_WARN_UNREACHABLE_CODE = YES;
				CLANG_WARN__DUPLICATE_METHOD_MATCH = YES;
				"CODE_SIGN_IDENTITY[sdk=iphoneos*]" = "iPhone Developer";
				COPY_PHASE_STRIP = NO;
				DEBUG_INFORMATION_FORMAT = dwarf;
				ENABLE_STRICT_OBJC_MSGSEND = YES;
				GCC_C_LANGUAGE_STANDARD = gnu99;
				GCC_DYNAMIC_NO_PIC = NO;
				GCC_NO_COMMON_BLOCKS = YES;
				GCC_OPTIMIZATION_LEVEL = 0;
				GCC_PREPROCESSOR_DEFINITIONS = (
					"DEBUG=1",
					"$(inherited)",
				);
				GCC_SYMBOLS_PRIVATE_EXTERN = NO;
				GCC_WARN_64_TO_32_BIT_CONVERSION = YES;
				GCC_WARN_ABOUT_RETURN_TYPE = YES_ERROR;
				GCC_WARN_UNDECLARED_SELECTOR = YES;
				GCC_WARN_UNINITIALIZED_AUTOS = YES_AGGRESSIVE;
				GCC_WARN_UNUSED_FUNCTION = YES;
				GCC_WARN_UNUSED_VARIABLE = YES;
				IPHONEOS_DEPLOYMENT_TARGET = 8.3;
				MTL_ENABLE_DEBUG_INFO = YES;
				ONLY_ACTIVE_ARCH = YES;
				SDKROOT = iphoneos;
				SWIFT_OPTIMIZATION_LEVEL = "-Onone";
				TARGETED_DEVICE_FAMILY = "1,2";
			};
			name = Debug;
		};
		506229031AC0533F00CBC40A /* Release */ = {
			isa = XCBuildConfiguration;
			buildSettings = {
				ALWAYS_SEARCH_USER_PATHS = NO;
				CLANG_CXX_LANGUAGE_STANDARD = "gnu++0x";
				CLANG_CXX_LIBRARY = "libc++";
				CLANG_ENABLE_MODULES = YES;
				CLANG_ENABLE_OBJC_ARC = YES;
				CLANG_WARN_BOOL_CONVERSION = YES;
				CLANG_WARN_CONSTANT_CONVERSION = YES;
				CLANG_WARN_DIRECT_OBJC_ISA_USAGE = YES_ERROR;
				CLANG_WARN_EMPTY_BODY = YES;
				CLANG_WARN_ENUM_CONVERSION = YES;
				CLANG_WARN_INT_CONVERSION = YES;
				CLANG_WARN_OBJC_ROOT_CLASS = YES_ERROR;
				CLANG_WARN_UNREACHABLE_CODE = YES;
				CLANG_WARN__DUPLICATE_METHOD_MATCH = YES;
				"CODE_SIGN_IDENTITY[sdk=iphoneos*]" = "iPhone Developer";
				COPY_PHASE_STRIP = NO;
				DEBUG_INFORMATION_FORMAT = "dwarf-with-dsym";
				ENABLE_NS_ASSERTIONS = NO;
				ENABLE_STRICT_OBJC_MSGSEND = YES;
				GCC_C_LANGUAGE_STANDARD = gnu99;
				GCC_NO_COMMON_BLOCKS = YES;
				GCC_WARN_64_TO_32_BIT_CONVERSION = YES;
				GCC_WARN_ABOUT_RETURN_TYPE = YES_ERROR;
				GCC_WARN_UNDECLARED_SELECTOR = YES;
				GCC_WARN_UNINITIALIZED_AUTOS = YES_AGGRESSIVE;
				GCC_WARN_UNUSED_FUNCTION = YES;
				GCC_WARN_UNUSED_VARIABLE = YES;
				IPHONEOS_DEPLOYMENT_TARGET = 8.3;
				MTL_ENABLE_DEBUG_INFO = NO;
				SDKROOT = iphoneos;
				TARGETED_DEVICE_FAMILY = "1,2";
				VALIDATE_PRODUCT = YES;
			};
			name = Release;
		};
		506229051AC0533F00CBC40A /* Debug */ = {
			isa = XCBuildConfiguration;
			buildSettings = {
				ASSETCATALOG_COMPILER_APPICON_NAME = AppIcon;
				CLANG_ENABLE_MODULES = YES;
				CODE_SIGN_IDENTITY = "iPhone Developer";
				"CODE_SIGN_IDENTITY[sdk=iphoneos*]" = "iPhone Developer";
				INFOPLIST_FILE = RattleGLES/Info.plist;
				IPHONEOS_DEPLOYMENT_TARGET = 8.1;
				LD_RUNPATH_SEARCH_PATHS = "$(inherited) @executable_path/Frameworks";
				PRODUCT_NAME = "$(TARGET_NAME)";
				PROVISIONING_PROFILE = "";
				SWIFT_OBJC_BRIDGING_HEADER = "RattleGLES/RattleGLES-Bridging-Header.h";
				SWIFT_OPTIMIZATION_LEVEL = "-Onone";
			};
			name = Debug;
		};
		506229061AC0533F00CBC40A /* Release */ = {
			isa = XCBuildConfiguration;
			buildSettings = {
				ASSETCATALOG_COMPILER_APPICON_NAME = AppIcon;
				CLANG_ENABLE_MODULES = YES;
				CODE_SIGN_IDENTITY = "iPhone Developer";
				"CODE_SIGN_IDENTITY[sdk=iphoneos*]" = "iPhone Developer";
				INFOPLIST_FILE = RattleGLES/Info.plist;
				IPHONEOS_DEPLOYMENT_TARGET = 8.1;
				LD_RUNPATH_SEARCH_PATHS = "$(inherited) @executable_path/Frameworks";
				PRODUCT_NAME = "$(TARGET_NAME)";
				PROVISIONING_PROFILE = "";
				SWIFT_OBJC_BRIDGING_HEADER = "RattleGLES/RattleGLES-Bridging-Header.h";
			};
			name = Release;
		};
		506229081AC0533F00CBC40A /* Debug */ = {
			isa = XCBuildConfiguration;
			buildSettings = {
				BUNDLE_LOADER = "$(TEST_HOST)";
				FRAMEWORK_SEARCH_PATHS = (
					"$(SDKROOT)/Developer/Library/Frameworks",
					"$(inherited)",
				);
				GCC_PREPROCESSOR_DEFINITIONS = (
					"DEBUG=1",
					"$(inherited)",
				);
				INFOPLIST_FILE = RattleGLESTests/Info.plist;
				LD_RUNPATH_SEARCH_PATHS = "$(inherited) @executable_path/Frameworks @loader_path/Frameworks";
				PRODUCT_NAME = "$(TARGET_NAME)";
				TEST_HOST = "$(BUILT_PRODUCTS_DIR)/RattleGLES.app/RattleGLES";
			};
			name = Debug;
		};
		506229091AC0533F00CBC40A /* Release */ = {
			isa = XCBuildConfiguration;
			buildSettings = {
				BUNDLE_LOADER = "$(TEST_HOST)";
				FRAMEWORK_SEARCH_PATHS = (
					"$(SDKROOT)/Developer/Library/Frameworks",
					"$(inherited)",
				);
				INFOPLIST_FILE = RattleGLESTests/Info.plist;
				LD_RUNPATH_SEARCH_PATHS = "$(inherited) @executable_path/Frameworks @loader_path/Frameworks";
				PRODUCT_NAME = "$(TARGET_NAME)";
				TEST_HOST = "$(BUILT_PRODUCTS_DIR)/RattleGLES.app/RattleGLES";
			};
			name = Release;
		};
/* End XCBuildConfiguration section */

/* Begin XCConfigurationList section */
		5059048D1AC1EDD200919A03 /* Build configuration list for PBXNativeTarget "Rattle Metal" */ = {
			isa = XCConfigurationList;
			buildConfigurations = (
				5059048E1AC1EDD200919A03 /* Debug */,
				5059048F1AC1EDD200919A03 /* Release */,
			);
			defaultConfigurationIsVisible = 0;
			defaultConfigurationName = Release;
		};
		505904901AC1EDD200919A03 /* Build configuration list for PBXNativeTarget "Rattle MetalTests" */ = {
			isa = XCConfigurationList;
			buildConfigurations = (
				505904911AC1EDD200919A03 /* Debug */,
				505904921AC1EDD200919A03 /* Release */,
			);
			defaultConfigurationIsVisible = 0;
			defaultConfigurationName = Release;
		};
		506228DC1AC0533F00CBC40A /* Build configuration list for PBXProject "RattleGLES" */ = {
			isa = XCConfigurationList;
			buildConfigurations = (
				506229021AC0533F00CBC40A /* Debug */,
				506229031AC0533F00CBC40A /* Release */,
			);
			defaultConfigurationIsVisible = 0;
			defaultConfigurationName = Release;
		};
		506229041AC0533F00CBC40A /* Build configuration list for PBXNativeTarget "RattleGLES" */ = {
			isa = XCConfigurationList;
			buildConfigurations = (
				506229051AC0533F00CBC40A /* Debug */,
				506229061AC0533F00CBC40A /* Release */,
			);
			defaultConfigurationIsVisible = 0;
			defaultConfigurationName = Release;
		};
		506229071AC0533F00CBC40A /* Build configuration list for PBXNativeTarget "RattleGLESTests" */ = {
			isa = XCConfigurationList;
			buildConfigurations = (
				506229081AC0533F00CBC40A /* Debug */,
				506229091AC0533F00CBC40A /* Release */,
			);
			defaultConfigurationIsVisible = 0;
			defaultConfigurationName = Release;
		};
/* End XCConfigurationList section */
	};
	rootObject = 506228D91AC0533F00CBC40A /* Project object */;
}
